
Microsoft Visual Studio Solution File, Format Version 12.00
# Visual Studio 15
VisualStudioVersion = 15.0.28307.329
MinimumVisualStudioVersion = 10.0.40219.1
Project("{FAE04EC0-301F-11D3-BF4B-00C04F79EFBC}") = "PepLib", "PepLib\PepLib.csproj", "{22360453-B878-49FA-A5DC-0D9C577DE902}"
EndProject
Project("{FAE04EC0-301F-11D3-BF4B-00C04F79EFBC}") = "PepLib.Dxf", "PepLib.Dxf\PepLib.Dxf.csproj", "{E15A7403-B16D-4D11-A061-2F5E98DF36B0}"
EndProject
Project("{FAE04EC0-301F-11D3-BF4B-00C04F79EFBC}") = "PepLib.UI", "PepLib.UI\PepLib.UI.csproj", "{7A7D21F5-8EF1-4A63-A65B-86D10BEDFC2A}"
EndProject
Project("{FAE04EC0-301F-11D3-BF4B-00C04F79EFBC}") = "netDxf", "netDxf\netDxf\netDxf.csproj", "{785380E0-CEB9-4C34-82E5-60D0E33E848E}"
EndProject
Global
	GlobalSection(SolutionConfigurationPlatforms) = preSolution
		Debug|Any CPU = Debug|Any CPU
		Release|Any CPU = Release|Any CPU
	EndGlobalSection
	GlobalSection(ProjectConfigurationPlatforms) = postSolution
		{22360453-B878-49FA-A5DC-0D9C577DE902}.Debug|Any CPU.ActiveCfg = Debug|Any CPU
		{22360453-B878-49FA-A5DC-0D9C577DE902}.Debug|Any CPU.Build.0 = Debug|Any CPU
		{22360453-B878-49FA-A5DC-0D9C577DE902}.Release|Any CPU.ActiveCfg = Release|Any CPU
		{22360453-B878-49FA-A5DC-0D9C577DE902}.Release|Any CPU.Build.0 = Release|Any CPU
		{E15A7403-B16D-4D11-A061-2F5E98DF36B0}.Debug|Any CPU.ActiveCfg = Debug|Any CPU
		{E15A7403-B16D-4D11-A061-2F5E98DF36B0}.Debug|Any CPU.Build.0 = Debug|Any CPU
		{E15A7403-B16D-4D11-A061-2F5E98DF36B0}.Release|Any CPU.ActiveCfg = Release|Any CPU
		{E15A7403-B16D-4D11-A061-2F5E98DF36B0}.Release|Any CPU.Build.0 = Release|Any CPU
		{7A7D21F5-8EF1-4A63-A65B-86D10BEDFC2A}.Debug|Any CPU.ActiveCfg = Debug|Any CPU
		{7A7D21F5-8EF1-4A63-A65B-86D10BEDFC2A}.Debug|Any CPU.Build.0 = Debug|Any CPU
		{7A7D21F5-8EF1-4A63-A65B-86D10BEDFC2A}.Release|Any CPU.ActiveCfg = Release|Any CPU
		{7A7D21F5-8EF1-4A63-A65B-86D10BEDFC2A}.Release|Any CPU.Build.0 = Release|Any CPU
		{785380E0-CEB9-4C34-82E5-60D0E33E848E}.Debug|Any CPU.ActiveCfg = Debug|Any CPU
		{785380E0-CEB9-4C34-82E5-60D0E33E848E}.Debug|Any CPU.Build.0 = Debug|Any CPU
		{785380E0-CEB9-4C34-82E5-60D0E33E848E}.Release|Any CPU.ActiveCfg = Release|Any CPU
		{785380E0-CEB9-4C34-82E5-60D0E33E848E}.Release|Any CPU.Build.0 = Release|Any CPU
	EndGlobalSection
	GlobalSection(SolutionProperties) = preSolution
		HideSolutionNode = FALSE
	EndGlobalSection
	GlobalSection(ExtensibilityGlobals) = postSolution
		SolutionGuid = {F01261B9-29C3-4237-BE68-03EF8DCEC2B2}
	EndGlobalSection
EndGlobal
